
Microsoft Visual Studio Solution File, Format Version 12.00
# Visual Studio 2012
Project("{FAE04EC0-301F-11D3-BF4B-00C04F79EFBC}") = "Caliburn.Micro.ExposedProperties", "Caliburn.Micro.ExposedProperties\Caliburn.Micro.ExposedProperties.csproj", "{09F94B5A-92D5-4D17-968D-1D4B3905769F}"
EndProject
Project("{2150E333-8FDC-42A3-9474-1A3956D46DE8}") = ".nuget", ".nuget", "{A1D02EC3-D12B-4E68-870D-14A840217E9C}"
	ProjectSection(SolutionItems) = preProject
		.nuget\NuGet.Config = .nuget\NuGet.Config
		.nuget\NuGet.exe = .nuget\NuGet.exe
		.nuget\NuGet.targets = .nuget\NuGet.targets
	EndProjectSection
EndProject
Project("{FAE04EC0-301F-11D3-BF4B-00C04F79EFBC}") = "Caliburn.Micro.ExposedProperties.Tests", "Caliburn.Micro.ExposedProperties.Tests\Caliburn.Micro.ExposedProperties.Tests.csproj", "{51D4B6BA-EB80-48A0-B8F8-C27DF35BDCCC}"
EndProject
Global
	GlobalSection(SolutionConfigurationPlatforms) = preSolution
		Debug|Any CPU = Debug|Any CPU
		Release|Any CPU = Release|Any CPU
	EndGlobalSection
	GlobalSection(ProjectConfigurationPlatforms) = postSolution
		{09F94B5A-92D5-4D17-968D-1D4B3905769F}.Debug|Any CPU.ActiveCfg = Debug|Any CPU
		{09F94B5A-92D5-4D17-968D-1D4B3905769F}.Debug|Any CPU.Build.0 = Debug|Any CPU
		{09F94B5A-92D5-4D17-968D-1D4B3905769F}.Release|Any CPU.ActiveCfg = Release|Any CPU
		{09F94B5A-92D5-4D17-968D-1D4B3905769F}.Release|Any CPU.Build.0 = Release|Any CPU
		{51D4B6BA-EB80-48A0-B8F8-C27DF35BDCCC}.Debug|Any CPU.ActiveCfg = Debug|Any CPU
		{51D4B6BA-EB80-48A0-B8F8-C27DF35BDCCC}.Debug|Any CPU.Build.0 = Debug|Any CPU
		{51D4B6BA-EB80-48A0-B8F8-C27DF35BDCCC}.Release|Any CPU.ActiveCfg = Release|Any CPU
		{51D4B6BA-EB80-48A0-B8F8-C27DF35BDCCC}.Release|Any CPU.Build.0 = Release|Any CPU
	EndGlobalSection
	GlobalSection(SolutionProperties) = preSolution
		HideSolutionNode = FALSE
	EndGlobalSection
EndGlobal
